<?xml version="1.0" encoding="UTF-8" standalone="yes" ?>
<CodeBlocks_project_file>
	<FileVersion major="1" minor="6" />
	<Project>
		<Option title="DiglettDug" />
		<Option pch_mode="2" />
		<Option compiler="gcc" />
		<Build>
			<Target title="Debug">
				<Option output="bin/Debug/DiglettDug" prefix_auto="1" extension_auto="1" />
				<Option working_dir="C:/Users/Luiza/Documents/DiglettDug/CodeBlocks/bin" />
				<Option object_output="obj/Debug/" />
				<Option type="1" />
				<Option compiler="gcc" />
				<Compiler>
					<Add option="-g" />
					<Add directory="../include" />
				</Compiler>
				<Linker>
					<Add library="../lib/EFX-Util.lib" />
					<Add library="../lib/GlU32.Lib" />
					<Add library="../lib/glut32.lib" />
					<Add library="../lib/OpenGL32.Lib" />
					<Add directory="../lib" />
				</Linker>
			</Target>
			<Target title="Release">
				<Option output="bin/Release/DiglettDug" prefix_auto="1" extension_auto="1" />
				<Option working_dir="C:/Users/Luiza/Documents/DiglettDug/CodeBlocks/bin" />
				<Option object_output="obj/Release/" />
				<Option type="0" />
				<Option compiler="gcc" />
				<Compiler>
					<Add option="-O2" />
				</Compiler>
				<Linker>
					<Add option="-s" />
				</Linker>
			</Target>
		</Build>
		<Compiler>
			<Add option="-Wall" />
			<Add directory="C:/Users/Luiza/Documents/DiglettDug/CodeBlocks/include" />
		</Compiler>
		<Linker>
			<Add library="glut32" />
			<Add library="opengl32" />
			<Add library="glu32" />
			<Add library="winmm" />
			<Add library="gdi32" />
			<Add directory="C:/Users/Luiza/Documents/DiglettDug/CodeBlocks/lib" />
		</Linker>
		<Unit filename="../../src/A_RGB.cpp" />
		<Unit filename="../../src/A_RGB.h" />
		<Unit filename="../../src/Cam.cpp" />
		<Unit filename="../../src/Cam.h" />
		<Unit filename="../../src/Character.cpp" />
		<Unit filename="../../src/Character.h" />
		<Unit filename="../../src/CharacterPosition.cpp" />
		<Unit filename="../../src/CharacterPosition.h" />
		<Unit filename="../../src/Diglett.cpp" />
		<Unit filename="../../src/Diglett.h" />
		<Unit filename="../../src/GameLight.cpp" />
		<Unit filename="../../src/GameLight.h" />
		<Unit filename="../../src/GameMap.cpp" />
		<Unit filename="../../src/GameMap.h" />
		<Unit filename="../../src/GameSettings.h" />
		<Unit filename="../../src/Ground.cpp" />
		<Unit filename="../../src/Ground.h" />
		<Unit filename="../../src/Scyther.cpp" />
		<Unit filename="../../src/Scyther.h" />
		<Unit filename="../../src/Sharpedo.cpp" />
		<Unit filename="../../src/Sharpedo.h" />
		<Unit filename="../../src/Snorlax.cpp" />
		<Unit filename="../../src/Snorlax.h" />
		<Unit filename="../../src/Texture.cpp" />
		<Unit filename="../../src/Texture.h" />
		<Unit filename="../../src/bitmap.c">
			<Option compilerVar="CC" />
		</Unit>
		<Unit filename="../../src/bitmap.h" />
		<Unit filename="../../src/glm.cpp" />
		<Unit filename="../../src/glm.h" />
		<Unit filename="../../src/glmimg.cpp" />
		<Unit filename="main.cpp" />
		<Extensions>
			<code_completion />
			<envvars />
			<debugger />
		</Extensions>
	</Project>
</CodeBlocks_project_file>
